<?xml version="1.0" encoding="utf-8"?>
<Project ToolsVersion="4.0" xmlns="http://schemas.microsoft.com/developer/msbuild/2003">
  <ItemGroup>
    <ClCompile Include="main.cpp" />
    <ClCompile Include="Game.cpp">
      <Filter>Statki</Filter>
    </ClCompile>
    <ClCompile Include="MenuGameMode.cpp">
      <Filter>Statki\GameModes</Filter>
    </ClCompile>
    <ClCompile Include="EditorGameMode.cpp">
      <Filter>Statki\GameModes</Filter>
    </ClCompile>
    <ClCompile Include="PlayGameMode.cpp">
      <Filter>Statki\GameModes</Filter>
    </ClCompile>
    <ClCompile Include="System.cpp">
      <Filter>Statki</Filter>
    </ClCompile>
    <ClCompile Include="Button.cpp">
      <Filter>Statki\UI</Filter>
    </ClCompile>
    <ClCompile Include="Board.cpp">
      <Filter>Statki\UI</Filter>
    </ClCompile>
    <ClCompile Include="Tile.cpp">
      <Filter>Statki\Tiles</Filter>
    </ClCompile>
    <ClCompile Include="WaterTile.cpp">
      <Filter>Statki\Tiles</Filter>
    </ClCompile>
    <ClCompile Include="ShipTile.cpp">
      <Filter>Statki\Tiles</Filter>
    </ClCompile>
  </ItemGroup>
  <ItemGroup>
    <None Include="sfml-graphics-2.dll" />
    <None Include="sfml-system-2.dll" />
    <None Include="sfml-window-2.dll" />
  </ItemGroup>
  <ItemGroup>
    <Font Include="arial.ttf" />
  </ItemGroup>
  <ItemGroup>
    <Filter Include="Statki">
      <UniqueIdentifier>{9c0f865a-3f1e-4936-9bca-ba1fca4f2b9c}</UniqueIdentifier>
    </Filter>
    <Filter Include="Statki\GameModes">
      <UniqueIdentifier>{71fbb276-0224-4b2a-b4ad-3b5e125726f9}</UniqueIdentifier>
    </Filter>
    <Filter Include="Statki\UI">
      <UniqueIdentifier>{8960deb3-b246-4743-9e38-aec6c1179aa8}</UniqueIdentifier>
    </Filter>
    <Filter Include="Statki\Tiles">
      <UniqueIdentifier>{1800f383-3780-4d81-a36c-1a9d3ac6da78}</UniqueIdentifier>
    </Filter>
  </ItemGroup>
  <ItemGroup>
    <ClInclude Include="Game.h">
      <Filter>Statki</Filter>
    </ClInclude>
    <ClInclude Include="GameMode.h">
      <Filter>Statki\GameModes</Filter>
    </ClInclude>
    <ClInclude Include="MenuGameMode.h">
      <Filter>Statki\GameModes</Filter>
    </ClInclude>
    <ClInclude Include="EditorGameMode.h">
      <Filter>Statki\GameModes</Filter>
    </ClInclude>
    <ClInclude Include="PlayGameMode.h">
      <Filter>Statki\GameModes</Filter>
    </ClInclude>
    <ClInclude Include="Entity.h">
      <Filter>Statki</Filter>
    </ClInclude>
    <ClInclude Include="System.h">
      <Filter>Statki</Filter>
    </ClInclude>
    <ClInclude Include="Button.h">
      <Filter>Statki\UI</Filter>
    </ClInclude>
    <ClInclude Include="Board.h">
      <Filter>Statki\UI</Filter>
    </ClInclude>
    <ClInclude Include="Tile.h">
      <Filter>Statki\Tiles</Filter>
    </ClInclude>
    <ClInclude Include="WaterTile.h">
      <Filter>Statki\Tiles</Filter>
    </ClInclude>
    <ClInclude Include="ShipTile.h">
      <Filter>Statki\Tiles</Filter>
    </ClInclude>
  </ItemGroup>
</Project>